
Microsoft Visual Studio Solution File, Format Version 12.00
# Visual Studio Version 17
VisualStudioVersion = 17.4.33403.182
MinimumVisualStudioVersion = 10.0.40219.1
Project("{FAE04EC0-301F-11D3-BF4B-00C04F79EFBC}") = "StarWars_App", "StarWars_App\StarWars_App.csproj", "{ABF9652D-4844-4B42-A43A-C8BB5B4F24F4}"
EndProject
Global
	GlobalSection(SolutionConfigurationPlatforms) = preSolution
		Debug|Any CPU = Debug|Any CPU
		Release|Any CPU = Release|Any CPU
	EndGlobalSection
	GlobalSection(ProjectConfigurationPlatforms) = postSolution
		{ABF9652D-4844-4B42-A43A-C8BB5B4F24F4}.Debug|Any CPU.ActiveCfg = Debug|Any CPU
		{ABF9652D-4844-4B42-A43A-C8BB5B4F24F4}.Debug|Any CPU.Build.0 = Debug|Any CPU
		{ABF9652D-4844-4B42-A43A-C8BB5B4F24F4}.Release|Any CPU.ActiveCfg = Release|Any CPU
		{ABF9652D-4844-4B42-A43A-C8BB5B4F24F4}.Release|Any CPU.Build.0 = Release|Any CPU
	EndGlobalSection
	GlobalSection(SolutionProperties) = preSolution
		HideSolutionNode = FALSE
	EndGlobalSection
	GlobalSection(ExtensibilityGlobals) = postSolution
		SolutionGuid = {5D37DCF0-84EC-4C6C-88E3-A7F0E32AFA20}
	EndGlobalSection
EndGlobal
